
Microsoft Visual Studio Solution File, Format Version 12.00
# Visual Studio Version 17
VisualStudioVersion = 17.9.34622.214
MinimumVisualStudioVersion = 10.0.40219.1
Project("{FAE04EC0-301F-11D3-BF4B-00C04F79EFBC}") = "Classes", "Classes\Classes.csproj", "{632D0D08-86A3-4AC8-890B-0C9132A1CB77}"
EndProject
Global
	GlobalSection(SolutionConfigurationPlatforms) = preSolution
		Debug|Any CPU = Debug|Any CPU
		Release|Any CPU = Release|Any CPU
	EndGlobalSection
	GlobalSection(ProjectConfigurationPlatforms) = postSolution
		{632D0D08-86A3-4AC8-890B-0C9132A1CB77}.Debug|Any CPU.ActiveCfg = Debug|Any CPU
		{632D0D08-86A3-4AC8-890B-0C9132A1CB77}.Debug|Any CPU.Build.0 = Debug|Any CPU
		{632D0D08-86A3-4AC8-890B-0C9132A1CB77}.Release|Any CPU.ActiveCfg = Release|Any CPU
		{632D0D08-86A3-4AC8-890B-0C9132A1CB77}.Release|Any CPU.Build.0 = Release|Any CPU
	EndGlobalSection
	GlobalSection(SolutionProperties) = preSolution
		HideSolutionNode = FALSE
	EndGlobalSection
	GlobalSection(ExtensibilityGlobals) = postSolution
		SolutionGuid = {3567DC1F-55B0-4AD8-98A1-F0110363CE6A}
	EndGlobalSection
EndGlobal
